name: 'Lock Threads'

on:
  schedule:
    - cron: '0 0 * * *'

permissions:
  issues: write
  pull-requests: write

jobs:
  lock:
    runs-on: ubuntu-latest
    steps:
      - uses: dessant/lock-threads@v6
        with:
          github-token: ${{ github.token }}
          issue-inactive-days: '14'
#          exclude-any-issue-labels: ''
#          add-issue-labels: 'outdated'
          issue-comment: >
            This issue has been automatically locked. If you believe you have
            found a related problem, please file a new issue (with a reprex:
            <https://reprex.tidyverse.org>) and link to this issue.
          issue-lock-reason: ''
          pr-inactive-days: '14'
#          exclude-any-pr-labels: 'wip'
          add-pr-labels: ''
          pr-comment: >
            This pull request has been automatically locked. If you believe you
            have found a related problem, please file a new issue (with a reprex:
            <https://reprex.tidyverse.org>) and link to this issue.
          pr-lock-reason: ''
#          process-only: 'issues'
